
Microsoft Visual Studio Solution File, Format Version 12.00
# Visual Studio Version 17
VisualStudioVersion = 17.3.32804.467
MinimumVisualStudioVersion = 10.0.40219.1
Project("{9A19103F-16F7-4668-BE54-9A1E7A4F7556}") = "PrimaryAggregatorService", "ApiAggregator\PrimaryAggregatorService\PrimaryAggregatorService.csproj", "{30ED496D-B0E6-49B1-AF06-A878890EF114}"
EndProject
Project("{2150E333-8FDC-42A3-9474-1A3956D46DE8}") = "ApiAggregator", "ApiAggregator", "{EA4715BF-9F1D-4FF1-AF46-46D39B6885BE}"
EndProject
Project("{9A19103F-16F7-4668-BE54-9A1E7A4F7556}") = "Loader", "Loader\Loader.csproj", "{8342FDA7-4A0C-4CB8-98CD-B19079C7E852}"
	ProjectSection(ProjectDependencies) = postProject
		{06A08539-8700-43FB-8DA1-165AE03E0745} = {06A08539-8700-43FB-8DA1-165AE03E0745}
	EndProjectSection
EndProject
Project("{9A19103F-16F7-4668-BE54-9A1E7A4F7556}") = "Domain", "Domain\Domain.csproj", "{06A08539-8700-43FB-8DA1-165AE03E0745}"
EndProject
Project("{FAE04EC0-301F-11D3-BF4B-00C04F79EFBC}") = "Testing", "Testing\Testing.csproj", "{C0D71042-6AC6-41C2-9454-62E7BABB844F}"
EndProject
Project("{FAE04EC0-301F-11D3-BF4B-00C04F79EFBC}") = "ANALYTICS", "ANALYTICS\ANALYTICS.csproj", "{47FF0BB6-F0B6-442C-A941-33FAF3089977}"
EndProject
Global
	GlobalSection(SolutionConfigurationPlatforms) = preSolution
		Debug|Any CPU = Debug|Any CPU
		Release|Any CPU = Release|Any CPU
	EndGlobalSection
	GlobalSection(ProjectConfigurationPlatforms) = postSolution
		{30ED496D-B0E6-49B1-AF06-A878890EF114}.Debug|Any CPU.ActiveCfg = Debug|Any CPU
		{30ED496D-B0E6-49B1-AF06-A878890EF114}.Debug|Any CPU.Build.0 = Debug|Any CPU
		{30ED496D-B0E6-49B1-AF06-A878890EF114}.Release|Any CPU.ActiveCfg = Release|Any CPU
		{30ED496D-B0E6-49B1-AF06-A878890EF114}.Release|Any CPU.Build.0 = Release|Any CPU
		{8342FDA7-4A0C-4CB8-98CD-B19079C7E852}.Debug|Any CPU.ActiveCfg = Debug|Any CPU
		{8342FDA7-4A0C-4CB8-98CD-B19079C7E852}.Debug|Any CPU.Build.0 = Debug|Any CPU
		{8342FDA7-4A0C-4CB8-98CD-B19079C7E852}.Release|Any CPU.ActiveCfg = Release|Any CPU
		{8342FDA7-4A0C-4CB8-98CD-B19079C7E852}.Release|Any CPU.Build.0 = Release|Any CPU
		{06A08539-8700-43FB-8DA1-165AE03E0745}.Debug|Any CPU.ActiveCfg = Debug|Any CPU
		{06A08539-8700-43FB-8DA1-165AE03E0745}.Debug|Any CPU.Build.0 = Debug|Any CPU
		{06A08539-8700-43FB-8DA1-165AE03E0745}.Release|Any CPU.ActiveCfg = Release|Any CPU
		{06A08539-8700-43FB-8DA1-165AE03E0745}.Release|Any CPU.Build.0 = Release|Any CPU
		{C0D71042-6AC6-41C2-9454-62E7BABB844F}.Debug|Any CPU.ActiveCfg = Debug|Any CPU
		{C0D71042-6AC6-41C2-9454-62E7BABB844F}.Debug|Any CPU.Build.0 = Debug|Any CPU
		{C0D71042-6AC6-41C2-9454-62E7BABB844F}.Release|Any CPU.ActiveCfg = Release|Any CPU
		{C0D71042-6AC6-41C2-9454-62E7BABB844F}.Release|Any CPU.Build.0 = Release|Any CPU
		{47FF0BB6-F0B6-442C-A941-33FAF3089977}.Debug|Any CPU.ActiveCfg = Debug|Any CPU
		{47FF0BB6-F0B6-442C-A941-33FAF3089977}.Debug|Any CPU.Build.0 = Debug|Any CPU
		{47FF0BB6-F0B6-442C-A941-33FAF3089977}.Release|Any CPU.ActiveCfg = Release|Any CPU
		{47FF0BB6-F0B6-442C-A941-33FAF3089977}.Release|Any CPU.Build.0 = Release|Any CPU
	EndGlobalSection
	GlobalSection(SolutionProperties) = preSolution
		HideSolutionNode = FALSE
	EndGlobalSection
	GlobalSection(NestedProjects) = preSolution
		{30ED496D-B0E6-49B1-AF06-A878890EF114} = {EA4715BF-9F1D-4FF1-AF46-46D39B6885BE}
	EndGlobalSection
	GlobalSection(ExtensibilityGlobals) = postSolution
		SolutionGuid = {9516A160-4811-48D9-A906-E18108562CBC}
	EndGlobalSection
EndGlobal
